{
  "name": "quasar-app-extension-restboard",
  "version": "0.6.1",
  "lockfileVersion": 2,
  "requires": true,
  "packages": {
    "": {
      "name": "quasar-app-extension-restboard",
      "version": "0.6.1",
      "license": "MIT",
      "dependencies": {
        "rb-auth-provider-simple": "^0.11.1",
        "rb-core-module": "^0.15.1",
        "rb-data-provider-json-server": "^0.19.1",
        "rb-vue": "^0.7.1",
        "vue-i18n": "^9.0.0",
        "vuex": "^4.0.1"
      },
      "devDependencies": {
        "quasar-app-extension-rb-ui": "^0.6.3"
      },
      "engines": {
        "node": ">= 8.9.0",
        "npm": ">= 5.6.0",
        "yarn": ">= 1.6.0"
      }
    },
    "node_modules/@babel/parser": {
      "version": "7.16.4",
      "resolved": "https://registry.npmjs.org/@babel/parser/-/parser-7.16.4.tgz",
      "integrity": "sha512-6V0qdPUaiVHH3RtZeLIsc+6pDhbYzHR8ogA8w+f+Wc77DuXto19g2QUwveINoS34Uw+W8/hQDGJCx+i4n7xcng==",
      "peer": true,
      "bin": {
        "parser": "bin/babel-parser.js"
      },
      "engines": {
        "node": ">=6.0.0"
      }
    },
    "node_modules/@intlify/core-base": {
      "version": "9.1.9",
      "resolved": "https://registry.npmjs.org/@intlify/core-base/-/core-base-9.1.9.tgz",
      "integrity": "sha512-x5T0p/Ja0S8hs5xs+ImKyYckVkL4CzcEXykVYYV6rcbXxJTe2o58IquSqX9bdncVKbRZP7GlBU1EcRaQEEJ+vw==",
      "dependencies": {
        "@intlify/devtools-if": "9.1.9",
        "@intlify/message-compiler": "9.1.9",
        "@intlify/message-resolver": "9.1.9",
        "@intlify/runtime": "9.1.9",
        "@intlify/shared": "9.1.9",
        "@intlify/vue-devtools": "9.1.9"
      },
      "engines": {
        "node": ">= 10"
      }
    },
    "node_modules/@intlify/devtools-if": {
      "version": "9.1.9",
      "resolved": "https://registry.npmjs.org/@intlify/devtools-if/-/devtools-if-9.1.9.tgz",
      "integrity": "sha512-oKSMKjttG3Ut/1UGEZjSdghuP3fwA15zpDPcjkf/1FjlOIm6uIBGMNS5jXzsZy593u+P/YcnrZD6cD3IVFz9vQ==",
      "dependencies": {
        "@intlify/shared": "9.1.9"
      },
      "engines": {
        "node": ">= 10"
      }
    },
    "node_modules/@intlify/message-compiler": {
      "version": "9.1.9",
      "resolved": "https://registry.npmjs.org/@intlify/message-compiler/-/message-compiler-9.1.9.tgz",
      "integrity": "sha512-6YgCMF46Xd0IH2hMRLCssZI3gFG4aywidoWQ3QP4RGYQXQYYfFC54DxhSgfIPpVoPLQ+4AD29eoYmhiHZ+qLFQ==",
      "dependencies": {
        "@intlify/message-resolver": "9.1.9",
        "@intlify/shared": "9.1.9",
        "source-map": "0.6.1"
      },
      "engines": {
        "node": ">= 10"
      }
    },
    "node_modules/@intlify/message-resolver": {
      "version": "9.1.9",
      "resolved": "https://registry.npmjs.org/@intlify/message-resolver/-/message-resolver-9.1.9.tgz",
      "integrity": "sha512-Lx/DBpigeK0sz2BBbzv5mu9/dAlt98HxwbG7xLawC3O2xMF9MNWU5FtOziwYG6TDIjNq0O/3ZbOJAxwITIWXEA==",
      "engines": {
        "node": ">= 10"
      }
    },
    "node_modules/@intlify/runtime": {
      "version": "9.1.9",
      "resolved": "https://registry.npmjs.org/@intlify/runtime/-/runtime-9.1.9.tgz",
      "integrity": "sha512-XgPw8+UlHCiie3fI41HPVa/VDJb3/aSH7bLhY1hJvlvNV713PFtb4p4Jo+rlE0gAoMsMCGcsiT982fImolSltg==",
      "dependencies": {
        "@intlify/message-compiler": "9.1.9",
        "@intlify/message-resolver": "9.1.9",
        "@intlify/shared": "9.1.9"
      },
      "engines": {
        "node": ">= 10"
      }
    },
    "node_modules/@intlify/shared": {
      "version": "9.1.9",
      "resolved": "https://registry.npmjs.org/@intlify/shared/-/shared-9.1.9.tgz",
      "integrity": "sha512-xKGM1d0EAxdDFCWedcYXOm6V5Pfw/TMudd6/qCdEb4tv0hk9EKeg7lwQF1azE0dP2phvx0yXxrt7UQK+IZjNdw==",
      "engines": {
        "node": ">= 10"
      }
    },
    "node_modules/@intlify/vue-devtools": {
      "version": "9.1.9",
      "resolved": "https://registry.npmjs.org/@intlify/vue-devtools/-/vue-devtools-9.1.9.tgz",
      "integrity": "sha512-YPehH9uL4vZcGXky4Ev5qQIITnHKIvsD2GKGXgqf+05osMUI6WSEQHaN9USRa318Rs8RyyPCiDfmA0hRu3k7og==",
      "dependencies": {
        "@intlify/message-resolver": "9.1.9",
        "@intlify/runtime": "9.1.9",
        "@intlify/shared": "9.1.9"
      },
      "engines": {
        "node": ">= 10"
      }
    },
    "node_modules/@vue/compiler-core": {
      "version": "3.2.23",
      "resolved": "https://registry.npmjs.org/@vue/compiler-core/-/compiler-core-3.2.23.tgz",
      "integrity": "sha512-4ZhiI/orx+7EJ1B+0zjgvXMV2uRN+XBfG06UN2sJfND9rH5gtEQT3QmO4erum1o6Irl7y754W8/KSaDJh4EUQg==",
      "peer": true,
      "dependencies": {
        "@babel/parser": "^7.15.0",
        "@vue/shared": "3.2.23",
        "estree-walker": "^2.0.2",
        "source-map": "^0.6.1"
      }
    },
    "node_modules/@vue/compiler-dom": {
      "version": "3.2.23",
      "resolved": "https://registry.npmjs.org/@vue/compiler-dom/-/compiler-dom-3.2.23.tgz",
      "integrity": "sha512-X2Nw8QFc5lgoK3kio5ktM95nqmLUH+q+N/PbV4kCHzF1avqv/EGLnAhaaF0Iu4bewNvHJAAhhwPZFeoV/22nbw==",
      "peer": true,
      "dependencies": {
        "@vue/compiler-core": "3.2.23",
        "@vue/shared": "3.2.23"
      }
    },
    "node_modules/@vue/compiler-sfc": {
      "version": "3.2.23",
      "resolved": "https://registry.npmjs.org/@vue/compiler-sfc/-/compiler-sfc-3.2.23.tgz",
      "integrity": "sha512-Aw+pb50Q5zTjyvWod8mNKmYZDRGHJBptmNNWE+84ZxrzEztPgMz8cNYIzWGbwcFVkmJlhvioAMvKnB+LM/sjSA==",
      "peer": true,
      "dependencies": {
        "@babel/parser": "^7.15.0",
        "@vue/compiler-core": "3.2.23",
        "@vue/compiler-dom": "3.2.23",
        "@vue/compiler-ssr": "3.2.23",
        "@vue/ref-transform": "3.2.23",
        "@vue/shared": "3.2.23",
        "estree-walker": "^2.0.2",
        "magic-string": "^0.25.7",
        "postcss": "^8.1.10",
        "source-map": "^0.6.1"
      }
    },
    "node_modules/@vue/compiler-ssr": {
      "version": "3.2.23",
      "resolved": "https://registry.npmjs.org/@vue/compiler-ssr/-/compiler-ssr-3.2.23.tgz",
      "integrity": "sha512-Bqzn4jFyXPK1Ehqiq7e/czS8n62gtYF1Zfeu0DrR5uv+SBllh7LIvZjZU6+c8qbocAd3/T3I3gn2cZGmnDb6zg==",
      "peer": true,
      "dependencies": {
        "@vue/compiler-dom": "3.2.23",
        "@vue/shared": "3.2.23"
      }
    },
    "node_modules/@vue/devtools-api": {
      "version": "6.0.0-beta.20.1",
      "resolved": "https://registry.npmjs.org/@vue/devtools-api/-/devtools-api-6.0.0-beta.20.1.tgz",
      "integrity": "sha512-R2rfiRY+kZugzWh9ZyITaovx+jpU4vgivAEAiz80kvh3yviiTU3CBuGuyWpSwGz9/C7TkSWVM/FtQRGlZ16n8Q=="
    },
    "node_modules/@vue/reactivity": {
      "version": "3.2.23",
      "resolved": "https://registry.npmjs.org/@vue/reactivity/-/reactivity-3.2.23.tgz",
      "integrity": "sha512-8RGVr/5Kpgb/EkCjgHXqttgA5IMc6n0lIXFY4TVbMkzdXrvaIhzBd7Te44oIDsTSYVKZLpfHd6/wEnuDqE8vFw==",
      "peer": true,
      "dependencies": {
        "@vue/shared": "3.2.23"
      }
    },
    "node_modules/@vue/ref-transform": {
      "version": "3.2.23",
      "resolved": "https://registry.npmjs.org/@vue/ref-transform/-/ref-transform-3.2.23.tgz",
      "integrity": "sha512-gW0GD2PSAs/th7mC7tPB/UwpIQxclbApVtsDtscDmOJXb2+cdu60ny+SuHNgfrlUT/JqWKQHq7jFKO4woxLNaA==",
      "peer": true,
      "dependencies": {
        "@babel/parser": "^7.15.0",
        "@vue/compiler-core": "3.2.23",
        "@vue/shared": "3.2.23",
        "estree-walker": "^2.0.2",
        "magic-string": "^0.25.7"
      }
    },
    "node_modules/@vue/runtime-core": {
      "version": "3.2.23",
      "resolved": "https://registry.npmjs.org/@vue/runtime-core/-/runtime-core-3.2.23.tgz",
      "integrity": "sha512-wSI5lmY2kCGLf89iiygqxVh6/5bsawz78Me9n1x4U2bHnN0yf3PWyuhN0WgIE8VfEaF7e75E333uboNEIFjgkg==",
      "peer": true,
      "dependencies": {
        "@vue/reactivity": "3.2.23",
        "@vue/shared": "3.2.23"
      }
    },
    "node_modules/@vue/runtime-dom": {
      "version": "3.2.23",
      "resolved": "https://registry.npmjs.org/@vue/runtime-dom/-/runtime-dom-3.2.23.tgz",
      "integrity": "sha512-z6lp0888NkLmxD9j2sGoll8Kb7J743s8s6w7GbiyUc4WZwm0KJ35B4qTFDMoIU0G7CatS6Z+yRTpPHc6srtByg==",
      "peer": true,
      "dependencies": {
        "@vue/runtime-core": "3.2.23",
        "@vue/shared": "3.2.23",
        "csstype": "^2.6.8"
      }
    },
    "node_modules/@vue/server-renderer": {
      "version": "3.2.23",
      "resolved": "https://registry.npmjs.org/@vue/server-renderer/-/server-renderer-3.2.23.tgz",
      "integrity": "sha512-mgQ2VAE5WjeZELJKNbwE69uiBNpN+3LyL0ZDki1bJWVwHD2fhPfx7pwyYuiucE81xz2LxVsyGxhKKUL997g8vw==",
      "peer": true,
      "dependencies": {
        "@vue/compiler-ssr": "3.2.23",
        "@vue/shared": "3.2.23"
      },
      "peerDependencies": {
        "vue": "3.2.23"
      }
    },
    "node_modules/@vue/shared": {
      "version": "3.2.23",
      "resolved": "https://registry.npmjs.org/@vue/shared/-/shared-3.2.23.tgz",
      "integrity": "sha512-U+/Jefa0QfXUF2qVy9Dqlrb6HKJSr9/wJcM66wXmWcTOoqg7hOWzF4qruDle51pyF4x3wMn6TSH54UdjKjCKMA==",
      "peer": true
    },
    "node_modules/cross-fetch": {
      "version": "3.1.4",
      "resolved": "https://registry.npmjs.org/cross-fetch/-/cross-fetch-3.1.4.tgz",
      "integrity": "sha512-1eAtFWdIubi6T4XPy6ei9iUFoKpUkIF971QLN8lIvvvwueI65+Nw5haMNKUwfJxabqlIIDODJKGrQ66gxC0PbQ==",
      "dependencies": {
        "node-fetch": "2.6.1"
      }
    },
    "node_modules/csstype": {
      "version": "2.6.19",
      "resolved": "https://registry.npmjs.org/csstype/-/csstype-2.6.19.tgz",
      "integrity": "sha512-ZVxXaNy28/k3kJg0Fou5MiYpp88j7H9hLZp8PDC3jV0WFjfH5E9xHb56L0W59cPbKbcHXeP4qyT8PrHp8t6LcQ==",
      "peer": true
    },
    "node_modules/decamelize": {
      "version": "2.0.0",
      "resolved": "https://registry.npmjs.org/decamelize/-/decamelize-2.0.0.tgz",
      "integrity": "sha512-Ikpp5scV3MSYxY39ymh45ZLEecsTdv/Xj2CaQfI8RLMuwi7XvjX9H/fhraiSuU+C5w5NTDu4ZU72xNiZnurBPg==",
      "dependencies": {
        "xregexp": "4.0.0"
      },
      "engines": {
        "node": ">=4"
      }
    },
    "node_modules/estree-walker": {
      "version": "2.0.2",
      "resolved": "https://registry.npmjs.org/estree-walker/-/estree-walker-2.0.2.tgz",
      "integrity": "sha512-Rfkk/Mp/DL7JVje3u18FxFujQlTNR2q6QfMSMB7AvCBx91NGj/ba3kCfza0f6dVDbw7YlRf/nDrn7pQrCCyQ/w==",
      "peer": true
    },
    "node_modules/humanize-string": {
      "version": "2.1.0",
      "resolved": "https://registry.npmjs.org/humanize-string/-/humanize-string-2.1.0.tgz",
      "integrity": "sha512-sQ+hqmxyXW8Cj7iqxcQxD7oSy3+AXnIZXdUF9lQMkzaG8dtbKAB8U7lCtViMnwQ+MpdCKsO2Kiij3G6UUXq/Xg==",
      "dependencies": {
        "decamelize": "^2.0.0"
      },
      "engines": {
        "node": ">=6"
      }
    },
    "node_modules/magic-string": {
      "version": "0.25.7",
      "resolved": "https://registry.npmjs.org/magic-string/-/magic-string-0.25.7.tgz",
      "integrity": "sha512-4CrMT5DOHTDk4HYDlzmwu4FVCcIYI8gauveasrdCu2IKIFOJ3f0v/8MDGJCDL9oD2ppz/Av1b0Nj345H9M+XIA==",
      "peer": true,
      "dependencies": {
        "sourcemap-codec": "^1.4.4"
      }
    },
    "node_modules/nanoid": {
      "version": "3.1.30",
      "resolved": "https://registry.npmjs.org/nanoid/-/nanoid-3.1.30.tgz",
      "integrity": "sha512-zJpuPDwOv8D2zq2WRoMe1HsfZthVewpel9CAvTfc/2mBD1uUT/agc5f7GHGWXlYkFvi1mVxe4IjvP2HNrop7nQ==",
      "peer": true,
      "bin": {
        "nanoid": "bin/nanoid.cjs"
      },
      "engines": {
        "node": "^10 || ^12 || ^13.7 || ^14 || >=15.0.1"
      }
    },
    "node_modules/node-fetch": {
      "version": "2.6.1",
      "resolved": "https://registry.npmjs.org/node-fetch/-/node-fetch-2.6.1.tgz",
      "integrity": "sha512-V4aYg89jEoVRxRb2fJdAg8FHvI7cEyYdVAh94HH0UIK8oJxUfkjlDQN9RbMx+bEjP7+ggMiFRprSti032Oipxw==",
      "engines": {
        "node": "4.x || >=6.0.0"
      }
    },
    "node_modules/picocolors": {
      "version": "1.0.0",
      "resolved": "https://registry.npmjs.org/picocolors/-/picocolors-1.0.0.tgz",
      "integrity": "sha512-1fygroTLlHu66zi26VoTDv8yRgm0Fccecssto+MhsZ0D/DGW2sm8E8AjW7NU5VVTRt5GxbeZ5qBuJr+HyLYkjQ==",
      "peer": true
    },
    "node_modules/postcss": {
      "version": "8.4.4",
      "resolved": "https://registry.npmjs.org/postcss/-/postcss-8.4.4.tgz",
      "integrity": "sha512-joU6fBsN6EIer28Lj6GDFoC/5yOZzLCfn0zHAn/MYXI7aPt4m4hK5KC5ovEZXy+lnCjmYIbQWngvju2ddyEr8Q==",
      "peer": true,
      "dependencies": {
        "nanoid": "^3.1.30",
        "picocolors": "^1.0.0",
        "source-map-js": "^1.0.1"
      },
      "engines": {
        "node": "^10 || ^12 || >=14"
      },
      "funding": {
        "type": "opencollective",
        "url": "https://opencollective.com/postcss/"
      }
    },
    "node_modules/quasar-app-extension-rb-ui": {
      "version": "0.6.3",
      "resolved": "https://registry.npmjs.org/quasar-app-extension-rb-ui/-/quasar-app-extension-rb-ui-0.6.3.tgz",
      "integrity": "sha512-bcDJvnjOPGWhq03nagdhaLTRJ2rgFG0lGKiD+A3QXyGDF0+RrOEnLZd76A9fCAG7qTXosPBj5YKlXb2K9/fBtw==",
      "dev": true,
      "engines": {
        "node": ">= 8.9.0",
        "npm": ">= 5.6.0",
        "yarn": ">= 1.6.0"
      }
    },
    "node_modules/rb-auth-provider-simple": {
      "version": "0.11.1",
      "resolved": "https://registry.npmjs.org/rb-auth-provider-simple/-/rb-auth-provider-simple-0.11.1.tgz",
      "integrity": "sha512-elQ6V2r5vccFH8A8UG/jK0vu7M/HjJR/kgZgTTx7fCGM3Ot9Kv1kYOX3SnOH9wM9S5lJXlBt7i0IzdPQK9/pyQ==",
      "dependencies": {
        "cross-fetch": "^3.1.4"
      },
      "peerDependencies": {
        "rb-core-module": "^0.15.0"
      }
    },
    "node_modules/rb-core-module": {
      "version": "0.15.1",
      "resolved": "https://registry.npmjs.org/rb-core-module/-/rb-core-module-0.15.1.tgz",
      "integrity": "sha512-6aeFHI0mVAZv1Z32qETyMBNVk70J0R4+G0/73zsBiei3ch5AmSYwRiaWkKMDMPn9dAm6vUWUJ1HFp1KXlLODPQ==",
      "dependencies": {
        "humanize-string": "^2.1.0"
      }
    },
    "node_modules/rb-data-provider-json-server": {
      "version": "0.19.1",
      "resolved": "https://registry.npmjs.org/rb-data-provider-json-server/-/rb-data-provider-json-server-0.19.1.tgz",
      "integrity": "sha512-Ptlx1Qh8hB2Wax8u6QgrD/wdWy9DMxGHPZhPIUGNYIrJWVLQKTTmKIUIlRMqfQosMhiode3Bv5+C6WnhFg2FWA==",
      "dependencies": {
        "cross-fetch": "^3.1.4"
      },
      "peerDependencies": {
        "rb-core-module": "^0.15.0"
      }
    },
    "node_modules/rb-vue": {
      "version": "0.7.1",
      "resolved": "https://registry.npmjs.org/rb-vue/-/rb-vue-0.7.1.tgz",
      "integrity": "sha512-6I61RAHvR7I4/ssvsxNaGUi3YixW/+B4E1vEYNqX7xqjpKiQ9MTBnVXT8DZuchTSwAw3jE9FwGRbhkSacCYGIg==",
      "peerDependencies": {
        "rb-core-module": "^0.15.0"
      }
    },
    "node_modules/source-map": {
      "version": "0.6.1",
      "resolved": "https://registry.npmjs.org/source-map/-/source-map-0.6.1.tgz",
      "integrity": "sha512-UjgapumWlbMhkBgzT7Ykc5YXUT46F0iKu8SGXq0bcwP5dz/h0Plj6enJqjz1Zbq2l5WaqYnrVbwWOWMyF3F47g==",
      "engines": {
        "node": ">=0.10.0"
      }
    },
    "node_modules/source-map-js": {
      "version": "1.0.1",
      "resolved": "https://registry.npmjs.org/source-map-js/-/source-map-js-1.0.1.tgz",
      "integrity": "sha512-4+TN2b3tqOCd/kaGRJ/sTYA0tR0mdXx26ipdolxcwtJVqEnqNYvlCAt1q3ypy4QMlYus+Zh34RNtYLoq2oQ4IA==",
      "peer": true,
      "engines": {
        "node": ">=0.10.0"
      }
    },
    "node_modules/sourcemap-codec": {
      "version": "1.4.8",
      "resolved": "https://registry.npmjs.org/sourcemap-codec/-/sourcemap-codec-1.4.8.tgz",
      "integrity": "sha512-9NykojV5Uih4lgo5So5dtw+f0JgJX30KCNI8gwhz2J9A15wD0Ml6tjHKwf6fTSa6fAdVBdZeNOs9eJ71qCk8vA==",
      "peer": true
    },
    "node_modules/vue": {
      "version": "3.2.23",
      "resolved": "https://registry.npmjs.org/vue/-/vue-3.2.23.tgz",
      "integrity": "sha512-MGp9JZC37lzGhwSu6c1tQxrQbXbw7XKFqtYh7SFwNrNK899FPxGAHwSHMZijMChTSC3uZrD2BGO/3EHOgMJ0cw==",
      "peer": true,
      "dependencies": {
        "@vue/compiler-dom": "3.2.23",
        "@vue/compiler-sfc": "3.2.23",
        "@vue/runtime-dom": "3.2.23",
        "@vue/server-renderer": "3.2.23",
        "@vue/shared": "3.2.23"
      }
    },
    "node_modules/vue-i18n": {
      "version": "9.1.9",
      "resolved": "https://registry.npmjs.org/vue-i18n/-/vue-i18n-9.1.9.tgz",
      "integrity": "sha512-JeRdNVxS2OGp1E+pye5XB6+M6BBkHwAv9C80Q7+kzoMdUDGRna06tjC0vCB/jDX9aWrl5swxOMFcyAr7or8XTA==",
      "dependencies": {
        "@intlify/core-base": "9.1.9",
        "@intlify/shared": "9.1.9",
        "@intlify/vue-devtools": "9.1.9",
        "@vue/devtools-api": "^6.0.0-beta.7"
      },
      "engines": {
        "node": ">= 10"
      },
      "peerDependencies": {
        "vue": "^3.0.0"
      }
    },
    "node_modules/vuex": {
      "version": "4.0.2",
      "resolved": "https://registry.npmjs.org/vuex/-/vuex-4.0.2.tgz",
      "integrity": "sha512-M6r8uxELjZIK8kTKDGgZTYX/ahzblnzC4isU1tpmEuOIIKmV+TRdc+H4s8ds2NuZ7wpUTdGRzJRtoj+lI+pc0Q==",
      "dependencies": {
        "@vue/devtools-api": "^6.0.0-beta.11"
      },
      "peerDependencies": {
        "vue": "^3.0.2"
      }
    },
    "node_modules/xregexp": {
      "version": "4.0.0",
      "resolved": "https://registry.npmjs.org/xregexp/-/xregexp-4.0.0.tgz",
      "integrity": "sha512-PHyM+sQouu7xspQQwELlGwwd05mXUFqwFYfqPO0cC7x4fxyHnnuetmQr6CjJiafIDoH4MogHb9dOoJzR/Y4rFg=="
    }
  },
  "dependencies": {
    "@babel/parser": {
      "version": "7.16.4",
      "resolved": "https://registry.npmjs.org/@babel/parser/-/parser-7.16.4.tgz",
      "integrity": "sha512-6V0qdPUaiVHH3RtZeLIsc+6pDhbYzHR8ogA8w+f+Wc77DuXto19g2QUwveINoS34Uw+W8/hQDGJCx+i4n7xcng==",
      "peer": true
    },
    "@intlify/core-base": {
      "version": "9.1.9",
      "resolved": "https://registry.npmjs.org/@intlify/core-base/-/core-base-9.1.9.tgz",
      "integrity": "sha512-x5T0p/Ja0S8hs5xs+ImKyYckVkL4CzcEXykVYYV6rcbXxJTe2o58IquSqX9bdncVKbRZP7GlBU1EcRaQEEJ+vw==",
      "requires": {
        "@intlify/devtools-if": "9.1.9",
        "@intlify/message-compiler": "9.1.9",
        "@intlify/message-resolver": "9.1.9",
        "@intlify/runtime": "9.1.9",
        "@intlify/shared": "9.1.9",
        "@intlify/vue-devtools": "9.1.9"
      }
    },
    "@intlify/devtools-if": {
      "version": "9.1.9",
      "resolved": "https://registry.npmjs.org/@intlify/devtools-if/-/devtools-if-9.1.9.tgz",
      "integrity": "sha512-oKSMKjttG3Ut/1UGEZjSdghuP3fwA15zpDPcjkf/1FjlOIm6uIBGMNS5jXzsZy593u+P/YcnrZD6cD3IVFz9vQ==",
      "requires": {
        "@intlify/shared": "9.1.9"
      }
    },
    "@intlify/message-compiler": {
      "version": "9.1.9",
      "resolved": "https://registry.npmjs.org/@intlify/message-compiler/-/message-compiler-9.1.9.tgz",
      "integrity": "sha512-6YgCMF46Xd0IH2hMRLCssZI3gFG4aywidoWQ3QP4RGYQXQYYfFC54DxhSgfIPpVoPLQ+4AD29eoYmhiHZ+qLFQ==",
      "requires": {
        "@intlify/message-resolver": "9.1.9",
        "@intlify/shared": "9.1.9",
        "source-map": "0.6.1"
      }
    },
    "@intlify/message-resolver": {
      "version": "9.1.9",
      "resolved": "https://registry.npmjs.org/@intlify/message-resolver/-/message-resolver-9.1.9.tgz",
      "integrity": "sha512-Lx/DBpigeK0sz2BBbzv5mu9/dAlt98HxwbG7xLawC3O2xMF9MNWU5FtOziwYG6TDIjNq0O/3ZbOJAxwITIWXEA=="
    },
    "@intlify/runtime": {
      "version": "9.1.9",
      "resolved": "https://registry.npmjs.org/@intlify/runtime/-/runtime-9.1.9.tgz",
      "integrity": "sha512-XgPw8+UlHCiie3fI41HPVa/VDJb3/aSH7bLhY1hJvlvNV713PFtb4p4Jo+rlE0gAoMsMCGcsiT982fImolSltg==",
      "requires": {
        "@intlify/message-compiler": "9.1.9",
        "@intlify/message-resolver": "9.1.9",
        "@intlify/shared": "9.1.9"
      }
    },
    "@intlify/shared": {
      "version": "9.1.9",
      "resolved": "https://registry.npmjs.org/@intlify/shared/-/shared-9.1.9.tgz",
      "integrity": "sha512-xKGM1d0EAxdDFCWedcYXOm6V5Pfw/TMudd6/qCdEb4tv0hk9EKeg7lwQF1azE0dP2phvx0yXxrt7UQK+IZjNdw=="
    },
    "@intlify/vue-devtools": {
      "version": "9.1.9",
      "resolved": "https://registry.npmjs.org/@intlify/vue-devtools/-/vue-devtools-9.1.9.tgz",
      "integrity": "sha512-YPehH9uL4vZcGXky4Ev5qQIITnHKIvsD2GKGXgqf+05osMUI6WSEQHaN9USRa318Rs8RyyPCiDfmA0hRu3k7og==",
      "requires": {
        "@intlify/message-resolver": "9.1.9",
        "@intlify/runtime": "9.1.9",
        "@intlify/shared": "9.1.9"
      }
    },
    "@vue/compiler-core": {
      "version": "3.2.23",
      "resolved": "https://registry.npmjs.org/@vue/compiler-core/-/compiler-core-3.2.23.tgz",
      "integrity": "sha512-4ZhiI/orx+7EJ1B+0zjgvXMV2uRN+XBfG06UN2sJfND9rH5gtEQT3QmO4erum1o6Irl7y754W8/KSaDJh4EUQg==",
      "peer": true,
      "requires": {
        "@babel/parser": "^7.15.0",
        "@vue/shared": "3.2.23",
        "estree-walker": "^2.0.2",
        "source-map": "^0.6.1"
      }
    },
    "@vue/compiler-dom": {
      "version": "3.2.23",
      "resolved": "https://registry.npmjs.org/@vue/compiler-dom/-/compiler-dom-3.2.23.tgz",
      "integrity": "sha512-X2Nw8QFc5lgoK3kio5ktM95nqmLUH+q+N/PbV4kCHzF1avqv/EGLnAhaaF0Iu4bewNvHJAAhhwPZFeoV/22nbw==",
      "peer": true,
      "requires": {
        "@vue/compiler-core": "3.2.23",
        "@vue/shared": "3.2.23"
      }
    },
    "@vue/compiler-sfc": {
      "version": "3.2.23",
      "resolved": "https://registry.npmjs.org/@vue/compiler-sfc/-/compiler-sfc-3.2.23.tgz",
      "integrity": "sha512-Aw+pb50Q5zTjyvWod8mNKmYZDRGHJBptmNNWE+84ZxrzEztPgMz8cNYIzWGbwcFVkmJlhvioAMvKnB+LM/sjSA==",
      "peer": true,
      "requires": {
        "@babel/parser": "^7.15.0",
        "@vue/compiler-core": "3.2.23",
        "@vue/compiler-dom": "3.2.23",
        "@vue/compiler-ssr": "3.2.23",
        "@vue/ref-transform": "3.2.23",
        "@vue/shared": "3.2.23",
        "estree-walker": "^2.0.2",
        "magic-string": "^0.25.7",
        "postcss": "^8.1.10",
        "source-map": "^0.6.1"
      }
    },
    "@vue/compiler-ssr": {
      "version": "3.2.23",
      "resolved": "https://registry.npmjs.org/@vue/compiler-ssr/-/compiler-ssr-3.2.23.tgz",
      "integrity": "sha512-Bqzn4jFyXPK1Ehqiq7e/czS8n62gtYF1Zfeu0DrR5uv+SBllh7LIvZjZU6+c8qbocAd3/T3I3gn2cZGmnDb6zg==",
      "peer": true,
      "requires": {
        "@vue/compiler-dom": "3.2.23",
        "@vue/shared": "3.2.23"
      }
    },
    "@vue/devtools-api": {
      "version": "6.0.0-beta.20.1",
      "resolved": "https://registry.npmjs.org/@vue/devtools-api/-/devtools-api-6.0.0-beta.20.1.tgz",
      "integrity": "sha512-R2rfiRY+kZugzWh9ZyITaovx+jpU4vgivAEAiz80kvh3yviiTU3CBuGuyWpSwGz9/C7TkSWVM/FtQRGlZ16n8Q=="
    },
    "@vue/reactivity": {
      "version": "3.2.23",
      "resolved": "https://registry.npmjs.org/@vue/reactivity/-/reactivity-3.2.23.tgz",
      "integrity": "sha512-8RGVr/5Kpgb/EkCjgHXqttgA5IMc6n0lIXFY4TVbMkzdXrvaIhzBd7Te44oIDsTSYVKZLpfHd6/wEnuDqE8vFw==",
      "peer": true,
      "requires": {
        "@vue/shared": "3.2.23"
      }
    },
    "@vue/ref-transform": {
      "version": "3.2.23",
      "resolved": "https://registry.npmjs.org/@vue/ref-transform/-/ref-transform-3.2.23.tgz",
      "integrity": "sha512-gW0GD2PSAs/th7mC7tPB/UwpIQxclbApVtsDtscDmOJXb2+cdu60ny+SuHNgfrlUT/JqWKQHq7jFKO4woxLNaA==",
      "peer": true,
      "requires": {
        "@babel/parser": "^7.15.0",
        "@vue/compiler-core": "3.2.23",
        "@vue/shared": "3.2.23",
        "estree-walker": "^2.0.2",
        "magic-string": "^0.25.7"
      }
    },
    "@vue/runtime-core": {
      "version": "3.2.23",
      "resolved": "https://registry.npmjs.org/@vue/runtime-core/-/runtime-core-3.2.23.tgz",
      "integrity": "sha512-wSI5lmY2kCGLf89iiygqxVh6/5bsawz78Me9n1x4U2bHnN0yf3PWyuhN0WgIE8VfEaF7e75E333uboNEIFjgkg==",
      "peer": true,
      "requires": {
        "@vue/reactivity": "3.2.23",
        "@vue/shared": "3.2.23"
      }
    },
    "@vue/runtime-dom": {
      "version": "3.2.23",
      "resolved": "https://registry.npmjs.org/@vue/runtime-dom/-/runtime-dom-3.2.23.tgz",
      "integrity": "sha512-z6lp0888NkLmxD9j2sGoll8Kb7J743s8s6w7GbiyUc4WZwm0KJ35B4qTFDMoIU0G7CatS6Z+yRTpPHc6srtByg==",
      "peer": true,
      "requires": {
        "@vue/runtime-core": "3.2.23",
        "@vue/shared": "3.2.23",
        "csstype": "^2.6.8"
      }
    },
    "@vue/server-renderer": {
      "version": "3.2.23",
      "resolved": "https://registry.npmjs.org/@vue/server-renderer/-/server-renderer-3.2.23.tgz",
      "integrity": "sha512-mgQ2VAE5WjeZELJKNbwE69uiBNpN+3LyL0ZDki1bJWVwHD2fhPfx7pwyYuiucE81xz2LxVsyGxhKKUL997g8vw==",
      "peer": true,
      "requires": {
        "@vue/compiler-ssr": "3.2.23",
        "@vue/shared": "3.2.23"
      }
    },
    "@vue/shared": {
      "version": "3.2.23",
      "resolved": "https://registry.npmjs.org/@vue/shared/-/shared-3.2.23.tgz",
      "integrity": "sha512-U+/Jefa0QfXUF2qVy9Dqlrb6HKJSr9/wJcM66wXmWcTOoqg7hOWzF4qruDle51pyF4x3wMn6TSH54UdjKjCKMA==",
      "peer": true
    },
    "cross-fetch": {
      "version": "3.1.4",
      "resolved": "https://registry.npmjs.org/cross-fetch/-/cross-fetch-3.1.4.tgz",
      "integrity": "sha512-1eAtFWdIubi6T4XPy6ei9iUFoKpUkIF971QLN8lIvvvwueI65+Nw5haMNKUwfJxabqlIIDODJKGrQ66gxC0PbQ==",
      "requires": {
        "node-fetch": "2.6.1"
      }
    },
    "csstype": {
      "version": "2.6.19",
      "resolved": "https://registry.npmjs.org/csstype/-/csstype-2.6.19.tgz",
      "integrity": "sha512-ZVxXaNy28/k3kJg0Fou5MiYpp88j7H9hLZp8PDC3jV0WFjfH5E9xHb56L0W59cPbKbcHXeP4qyT8PrHp8t6LcQ==",
      "peer": true
    },
    "decamelize": {
      "version": "2.0.0",
      "resolved": "https://registry.npmjs.org/decamelize/-/decamelize-2.0.0.tgz",
      "integrity": "sha512-Ikpp5scV3MSYxY39ymh45ZLEecsTdv/Xj2CaQfI8RLMuwi7XvjX9H/fhraiSuU+C5w5NTDu4ZU72xNiZnurBPg==",
      "requires": {
        "xregexp": "4.0.0"
      }
    },
    "estree-walker": {
      "version": "2.0.2",
      "resolved": "https://registry.npmjs.org/estree-walker/-/estree-walker-2.0.2.tgz",
      "integrity": "sha512-Rfkk/Mp/DL7JVje3u18FxFujQlTNR2q6QfMSMB7AvCBx91NGj/ba3kCfza0f6dVDbw7YlRf/nDrn7pQrCCyQ/w==",
      "peer": true
    },
    "humanize-string": {
      "version": "2.1.0",
      "resolved": "https://registry.npmjs.org/humanize-string/-/humanize-string-2.1.0.tgz",
      "integrity": "sha512-sQ+hqmxyXW8Cj7iqxcQxD7oSy3+AXnIZXdUF9lQMkzaG8dtbKAB8U7lCtViMnwQ+MpdCKsO2Kiij3G6UUXq/Xg==",
      "requires": {
        "decamelize": "^2.0.0"
      }
    },
    "magic-string": {
      "version": "0.25.7",
      "resolved": "https://registry.npmjs.org/magic-string/-/magic-string-0.25.7.tgz",
      "integrity": "sha512-4CrMT5DOHTDk4HYDlzmwu4FVCcIYI8gauveasrdCu2IKIFOJ3f0v/8MDGJCDL9oD2ppz/Av1b0Nj345H9M+XIA==",
      "peer": true,
      "requires": {
        "sourcemap-codec": "^1.4.4"
      }
    },
    "nanoid": {
      "version": "3.1.30",
      "resolved": "https://registry.npmjs.org/nanoid/-/nanoid-3.1.30.tgz",
      "integrity": "sha512-zJpuPDwOv8D2zq2WRoMe1HsfZthVewpel9CAvTfc/2mBD1uUT/agc5f7GHGWXlYkFvi1mVxe4IjvP2HNrop7nQ==",
      "peer": true
    },
    "node-fetch": {
      "version": "2.6.1",
      "resolved": "https://registry.npmjs.org/node-fetch/-/node-fetch-2.6.1.tgz",
      "integrity": "sha512-V4aYg89jEoVRxRb2fJdAg8FHvI7cEyYdVAh94HH0UIK8oJxUfkjlDQN9RbMx+bEjP7+ggMiFRprSti032Oipxw=="
    },
    "picocolors": {
      "version": "1.0.0",
      "resolved": "https://registry.npmjs.org/picocolors/-/picocolors-1.0.0.tgz",
      "integrity": "sha512-1fygroTLlHu66zi26VoTDv8yRgm0Fccecssto+MhsZ0D/DGW2sm8E8AjW7NU5VVTRt5GxbeZ5qBuJr+HyLYkjQ==",
      "peer": true
    },
    "postcss": {
      "version": "8.4.4",
      "resolved": "https://registry.npmjs.org/postcss/-/postcss-8.4.4.tgz",
      "integrity": "sha512-joU6fBsN6EIer28Lj6GDFoC/5yOZzLCfn0zHAn/MYXI7aPt4m4hK5KC5ovEZXy+lnCjmYIbQWngvju2ddyEr8Q==",
      "peer": true,
      "requires": {
        "nanoid": "^3.1.30",
        "picocolors": "^1.0.0",
        "source-map-js": "^1.0.1"
      }
    },
    "quasar-app-extension-rb-ui": {
      "version": "0.6.3",
      "resolved": "https://registry.npmjs.org/quasar-app-extension-rb-ui/-/quasar-app-extension-rb-ui-0.6.3.tgz",
      "integrity": "sha512-bcDJvnjOPGWhq03nagdhaLTRJ2rgFG0lGKiD+A3QXyGDF0+RrOEnLZd76A9fCAG7qTXosPBj5YKlXb2K9/fBtw==",
      "dev": true
    },
    "rb-auth-provider-simple": {
      "version": "0.11.1",
      "resolved": "https://registry.npmjs.org/rb-auth-provider-simple/-/rb-auth-provider-simple-0.11.1.tgz",
      "integrity": "sha512-elQ6V2r5vccFH8A8UG/jK0vu7M/HjJR/kgZgTTx7fCGM3Ot9Kv1kYOX3SnOH9wM9S5lJXlBt7i0IzdPQK9/pyQ==",
      "requires": {
        "cross-fetch": "^3.1.4"
      }
    },
    "rb-core-module": {
      "version": "0.15.1",
      "resolved": "https://registry.npmjs.org/rb-core-module/-/rb-core-module-0.15.1.tgz",
      "integrity": "sha512-6aeFHI0mVAZv1Z32qETyMBNVk70J0R4+G0/73zsBiei3ch5AmSYwRiaWkKMDMPn9dAm6vUWUJ1HFp1KXlLODPQ==",
      "requires": {
        "humanize-string": "^2.1.0"
      }
    },
    "rb-data-provider-json-server": {
      "version": "0.19.1",
      "resolved": "https://registry.npmjs.org/rb-data-provider-json-server/-/rb-data-provider-json-server-0.19.1.tgz",
      "integrity": "sha512-Ptlx1Qh8hB2Wax8u6QgrD/wdWy9DMxGHPZhPIUGNYIrJWVLQKTTmKIUIlRMqfQosMhiode3Bv5+C6WnhFg2FWA==",
      "requires": {
        "cross-fetch": "^3.1.4"
      }
    },
    "rb-vue": {
      "version": "0.7.1",
      "resolved": "https://registry.npmjs.org/rb-vue/-/rb-vue-0.7.1.tgz",
      "integrity": "sha512-6I61RAHvR7I4/ssvsxNaGUi3YixW/+B4E1vEYNqX7xqjpKiQ9MTBnVXT8DZuchTSwAw3jE9FwGRbhkSacCYGIg==",
      "requires": {}
    },
    "source-map": {
      "version": "0.6.1",
      "resolved": "https://registry.npmjs.org/source-map/-/source-map-0.6.1.tgz",
      "integrity": "sha512-UjgapumWlbMhkBgzT7Ykc5YXUT46F0iKu8SGXq0bcwP5dz/h0Plj6enJqjz1Zbq2l5WaqYnrVbwWOWMyF3F47g=="
    },
    "source-map-js": {
      "version": "1.0.1",
      "resolved": "https://registry.npmjs.org/source-map-js/-/source-map-js-1.0.1.tgz",
      "integrity": "sha512-4+TN2b3tqOCd/kaGRJ/sTYA0tR0mdXx26ipdolxcwtJVqEnqNYvlCAt1q3ypy4QMlYus+Zh34RNtYLoq2oQ4IA==",
      "peer": true
    },
    "sourcemap-codec": {
      "version": "1.4.8",
      "resolved": "https://registry.npmjs.org/sourcemap-codec/-/sourcemap-codec-1.4.8.tgz",
      "integrity": "sha512-9NykojV5Uih4lgo5So5dtw+f0JgJX30KCNI8gwhz2J9A15wD0Ml6tjHKwf6fTSa6fAdVBdZeNOs9eJ71qCk8vA==",
      "peer": true
    },
    "vue": {
      "version": "3.2.23",
      "resolved": "https://registry.npmjs.org/vue/-/vue-3.2.23.tgz",
      "integrity": "sha512-MGp9JZC37lzGhwSu6c1tQxrQbXbw7XKFqtYh7SFwNrNK899FPxGAHwSHMZijMChTSC3uZrD2BGO/3EHOgMJ0cw==",
      "peer": true,
      "requires": {
        "@vue/compiler-dom": "3.2.23",
        "@vue/compiler-sfc": "3.2.23",
        "@vue/runtime-dom": "3.2.23",
        "@vue/server-renderer": "3.2.23",
        "@vue/shared": "3.2.23"
      }
    },
    "vue-i18n": {
      "version": "9.1.9",
      "resolved": "https://registry.npmjs.org/vue-i18n/-/vue-i18n-9.1.9.tgz",
      "integrity": "sha512-JeRdNVxS2OGp1E+pye5XB6+M6BBkHwAv9C80Q7+kzoMdUDGRna06tjC0vCB/jDX9aWrl5swxOMFcyAr7or8XTA==",
      "requires": {
        "@intlify/core-base": "9.1.9",
        "@intlify/shared": "9.1.9",
        "@intlify/vue-devtools": "9.1.9",
        "@vue/devtools-api": "^6.0.0-beta.7"
      }
    },
    "vuex": {
      "version": "4.0.2",
      "resolved": "https://registry.npmjs.org/vuex/-/vuex-4.0.2.tgz",
      "integrity": "sha512-M6r8uxELjZIK8kTKDGgZTYX/ahzblnzC4isU1tpmEuOIIKmV+TRdc+H4s8ds2NuZ7wpUTdGRzJRtoj+lI+pc0Q==",
      "requires": {
        "@vue/devtools-api": "^6.0.0-beta.11"
      }
    },
    "xregexp": {
      "version": "4.0.0",
      "resolved": "https://registry.npmjs.org/xregexp/-/xregexp-4.0.0.tgz",
      "integrity": "sha512-PHyM+sQouu7xspQQwELlGwwd05mXUFqwFYfqPO0cC7x4fxyHnnuetmQr6CjJiafIDoH4MogHb9dOoJzR/Y4rFg=="
    }
  }
}
